
Microsoft Visual Studio Solution File, Format Version 12.00
# Visual Studio Version 17
VisualStudioVersion = 17.5.33627.172
MinimumVisualStudioVersion = 10.0.40219.1
Project("{9A19103F-16F7-4668-BE54-9A1E7A4F7556}") = "PoSApp.UI", "PoSApp.UI\PoSApp.UI.csproj", "{457016A0-967B-4FAD-BED9-EDA4725FB438}"
EndProject
Project("{9A19103F-16F7-4668-BE54-9A1E7A4F7556}") = "PoSApp.DAL", "PoSApp.DAL\PoSApp.DAL.csproj", "{5A8FFFBA-6F69-4159-B795-7D0B59CF9E6F}"
EndProject
Project("{9A19103F-16F7-4668-BE54-9A1E7A4F7556}") = "PoSApp.BLL", "PoSApp.BLL\PoSApp.BLL.csproj", "{9596AF2B-AB94-404F-B3AA-525761028FA6}"
EndProject
Project("{9A19103F-16F7-4668-BE54-9A1E7A4F7556}") = "PoSApp.Entities", "PoSApp.Entities\PoSApp.Entities.csproj", "{491BF65B-A82F-4879-B1E4-3B69955A118F}"
EndProject
Project("{54435603-DBB4-11D2-8724-00A0C9A8B90C}") = "PoSApp.Setup", "PoSApp.Setup\PoSApp.Setup.vdproj", "{926A5892-F343-4F56-9C3A-CD65C92D2223}"
EndProject
Project("{2150E333-8FDC-42A3-9474-1A3956D46DE8}") = "SolutionFolder", "SolutionFolder", "{A46CB035-22D6-4DC8-9B8A-08CF26A9DD09}"
EndProject
Global
	GlobalSection(SolutionConfigurationPlatforms) = preSolution
		Debug|Any CPU = Debug|Any CPU
		Release|Any CPU = Release|Any CPU
	EndGlobalSection
	GlobalSection(ProjectConfigurationPlatforms) = postSolution
		{457016A0-967B-4FAD-BED9-EDA4725FB438}.Debug|Any CPU.ActiveCfg = Debug|Any CPU
		{457016A0-967B-4FAD-BED9-EDA4725FB438}.Debug|Any CPU.Build.0 = Debug|Any CPU
		{457016A0-967B-4FAD-BED9-EDA4725FB438}.Release|Any CPU.ActiveCfg = Release|Any CPU
		{457016A0-967B-4FAD-BED9-EDA4725FB438}.Release|Any CPU.Build.0 = Release|Any CPU
		{5A8FFFBA-6F69-4159-B795-7D0B59CF9E6F}.Debug|Any CPU.ActiveCfg = Debug|Any CPU
		{5A8FFFBA-6F69-4159-B795-7D0B59CF9E6F}.Debug|Any CPU.Build.0 = Debug|Any CPU
		{5A8FFFBA-6F69-4159-B795-7D0B59CF9E6F}.Release|Any CPU.ActiveCfg = Release|Any CPU
		{5A8FFFBA-6F69-4159-B795-7D0B59CF9E6F}.Release|Any CPU.Build.0 = Release|Any CPU
		{9596AF2B-AB94-404F-B3AA-525761028FA6}.Debug|Any CPU.ActiveCfg = Debug|Any CPU
		{9596AF2B-AB94-404F-B3AA-525761028FA6}.Debug|Any CPU.Build.0 = Debug|Any CPU
		{9596AF2B-AB94-404F-B3AA-525761028FA6}.Release|Any CPU.ActiveCfg = Release|Any CPU
		{9596AF2B-AB94-404F-B3AA-525761028FA6}.Release|Any CPU.Build.0 = Release|Any CPU
		{491BF65B-A82F-4879-B1E4-3B69955A118F}.Debug|Any CPU.ActiveCfg = Debug|Any CPU
		{491BF65B-A82F-4879-B1E4-3B69955A118F}.Debug|Any CPU.Build.0 = Debug|Any CPU
		{491BF65B-A82F-4879-B1E4-3B69955A118F}.Release|Any CPU.ActiveCfg = Release|Any CPU
		{491BF65B-A82F-4879-B1E4-3B69955A118F}.Release|Any CPU.Build.0 = Release|Any CPU
		{926A5892-F343-4F56-9C3A-CD65C92D2223}.Debug|Any CPU.ActiveCfg = Debug
		{926A5892-F343-4F56-9C3A-CD65C92D2223}.Release|Any CPU.ActiveCfg = Release
	EndGlobalSection
	GlobalSection(SolutionProperties) = preSolution
		HideSolutionNode = FALSE
	EndGlobalSection
	GlobalSection(ExtensibilityGlobals) = postSolution
		SolutionGuid = {E1CB3413-D869-4C05-9874-A552539C5ABE}
	EndGlobalSection
EndGlobal
